
Microsoft Visual Studio Solution File, Format Version 12.00
# Visual Studio Version 17
VisualStudioVersion = 17.4.33213.308
MinimumVisualStudioVersion = 10.0.40219.1
Project("{FAE04EC0-301F-11D3-BF4B-00C04F79EFBC}") = "FISScanEventsMVC5", "FISScanEventsMVC5\FISScanEventsMVC5.csproj", "{851F8305-67ED-4F14-9367-C8418BAA9EFF}"
EndProject
Global
	GlobalSection(SolutionConfigurationPlatforms) = preSolution
		Debug|Any CPU = Debug|Any CPU
		Release|Any CPU = Release|Any CPU
	EndGlobalSection
	GlobalSection(ProjectConfigurationPlatforms) = postSolution
		{851F8305-67ED-4F14-9367-C8418BAA9EFF}.Debug|Any CPU.ActiveCfg = Debug|Any CPU
		{851F8305-67ED-4F14-9367-C8418BAA9EFF}.Debug|Any CPU.Build.0 = Debug|Any CPU
		{851F8305-67ED-4F14-9367-C8418BAA9EFF}.Release|Any CPU.ActiveCfg = Release|Any CPU
		{851F8305-67ED-4F14-9367-C8418BAA9EFF}.Release|Any CPU.Build.0 = Release|Any CPU
	EndGlobalSection
	GlobalSection(SolutionProperties) = preSolution
		HideSolutionNode = FALSE
	EndGlobalSection
	GlobalSection(ExtensibilityGlobals) = postSolution
		SolutionGuid = {6D37B5E8-4B10-4861-83FE-8DC14F52419D}
	EndGlobalSection
EndGlobal
